
Microsoft Visual Studio Solution File, Format Version 12.00
# Visual Studio 14
VisualStudioVersion = 14.0.24720.0
MinimumVisualStudioVersion = 10.0.40219.1
Project("{FAE04EC0-301F-11D3-BF4B-00C04F79EFBC}") = "WCF.DATA", "Data.Lib\WCF.DATA.csproj", "{05C57EAE-7D61-4264-BB7B-7E50782AA0C5}"
EndProject
Project("{00D1A9C2-B5F0-4AF3-8072-F6C62B433612}") = "WCF.SQL", "SQLDB\WCF.SQL.sqlproj", "{1D3C6FEC-A907-4A23-A0CA-C9B9BFD7FCDC}"
EndProject
Project("{FAE04EC0-301F-11D3-BF4B-00C04F79EFBC}") = "WCF.Common", "WCF.Common\WCF.Common.csproj", "{DABE2B20-B690-4F0A-8F64-1A507B0D34FA}"
EndProject
Project("{FAE04EC0-301F-11D3-BF4B-00C04F79EFBC}") = "WCF", "WCF\WCF.csproj", "{A72FEBB9-5187-4AA6-BE7B-BFACC9B4CEE8}"
EndProject
Project("{FAE04EC0-301F-11D3-BF4B-00C04F79EFBC}") = "WcfService1", "WcfService1\WcfService1.csproj", "{B1F8415E-1E5D-4F81-9BD2-3AB2ACE7ACB1}"
EndProject
Global
	GlobalSection(SolutionConfigurationPlatforms) = preSolution
		Debug|Any CPU = Debug|Any CPU
		Release|Any CPU = Release|Any CPU
	EndGlobalSection
	GlobalSection(ProjectConfigurationPlatforms) = postSolution
		{05C57EAE-7D61-4264-BB7B-7E50782AA0C5}.Debug|Any CPU.ActiveCfg = Debug|Any CPU
		{05C57EAE-7D61-4264-BB7B-7E50782AA0C5}.Debug|Any CPU.Build.0 = Debug|Any CPU
		{05C57EAE-7D61-4264-BB7B-7E50782AA0C5}.Release|Any CPU.ActiveCfg = Release|Any CPU
		{05C57EAE-7D61-4264-BB7B-7E50782AA0C5}.Release|Any CPU.Build.0 = Release|Any CPU
		{1D3C6FEC-A907-4A23-A0CA-C9B9BFD7FCDC}.Debug|Any CPU.ActiveCfg = Debug|Any CPU
		{1D3C6FEC-A907-4A23-A0CA-C9B9BFD7FCDC}.Debug|Any CPU.Build.0 = Debug|Any CPU
		{1D3C6FEC-A907-4A23-A0CA-C9B9BFD7FCDC}.Debug|Any CPU.Deploy.0 = Debug|Any CPU
		{1D3C6FEC-A907-4A23-A0CA-C9B9BFD7FCDC}.Release|Any CPU.ActiveCfg = Release|Any CPU
		{1D3C6FEC-A907-4A23-A0CA-C9B9BFD7FCDC}.Release|Any CPU.Build.0 = Release|Any CPU
		{1D3C6FEC-A907-4A23-A0CA-C9B9BFD7FCDC}.Release|Any CPU.Deploy.0 = Release|Any CPU
		{DABE2B20-B690-4F0A-8F64-1A507B0D34FA}.Debug|Any CPU.ActiveCfg = Debug|Any CPU
		{DABE2B20-B690-4F0A-8F64-1A507B0D34FA}.Debug|Any CPU.Build.0 = Debug|Any CPU
		{DABE2B20-B690-4F0A-8F64-1A507B0D34FA}.Release|Any CPU.ActiveCfg = Release|Any CPU
		{DABE2B20-B690-4F0A-8F64-1A507B0D34FA}.Release|Any CPU.Build.0 = Release|Any CPU
		{A72FEBB9-5187-4AA6-BE7B-BFACC9B4CEE8}.Debug|Any CPU.ActiveCfg = Debug|Any CPU
		{A72FEBB9-5187-4AA6-BE7B-BFACC9B4CEE8}.Debug|Any CPU.Build.0 = Debug|Any CPU
		{A72FEBB9-5187-4AA6-BE7B-BFACC9B4CEE8}.Release|Any CPU.ActiveCfg = Release|Any CPU
		{A72FEBB9-5187-4AA6-BE7B-BFACC9B4CEE8}.Release|Any CPU.Build.0 = Release|Any CPU
		{B1F8415E-1E5D-4F81-9BD2-3AB2ACE7ACB1}.Debug|Any CPU.ActiveCfg = Debug|Any CPU
		{B1F8415E-1E5D-4F81-9BD2-3AB2ACE7ACB1}.Debug|Any CPU.Build.0 = Debug|Any CPU
		{B1F8415E-1E5D-4F81-9BD2-3AB2ACE7ACB1}.Release|Any CPU.ActiveCfg = Release|Any CPU
		{B1F8415E-1E5D-4F81-9BD2-3AB2ACE7ACB1}.Release|Any CPU.Build.0 = Release|Any CPU
	EndGlobalSection
	GlobalSection(SolutionProperties) = preSolution
		HideSolutionNode = FALSE
	EndGlobalSection
EndGlobal
